// !$*UTF8*$!
{
	archiveVersion = 1;
	classes = {
	};
	objectVersion = 48;
	objects = {

/* Begin PBXBuildFile section */
		0E50031320BF9FDC00D2F20A /* LKReadMenuView.swift in Sources */ = {isa = PBXBuildFile; fileRef = 0E50031220BF9FDC00D2F20A /* LKReadMenuView.swift */; };
		0E50031520BF9FEC00D2F20A /* LKReadMenuView.xib in Resources */ = {isa = PBXBuildFile; fileRef = 0E50031420BF9FEC00D2F20A /* LKReadMenuView.xib */; };
		0E666DC620BBE782009378A2 /* AppDelegate.swift in Sources */ = {isa = PBXBuildFile; fileRef = 0E666DC520BBE782009378A2 /* AppDelegate.swift */; };
		0E666DC820BBE782009378A2 /* ViewController.swift in Sources */ = {isa = PBXBuildFile; fileRef = 0E666DC720BBE782009378A2 /* ViewController.swift */; };
		0E666DCB20BBE782009378A2 /* Main.storyboard in Resources */ = {isa = PBXBuildFile; fileRef = 0E666DC920BBE782009378A2 /* Main.storyboard */; };
		0E666DCD20BBE782009378A2 /* Assets.xcassets in Resources */ = {isa = PBXBuildFile; fileRef = 0E666DCC20BBE782009378A2 /* Assets.xcassets */; };
		0E666DD020BBE782009378A2 /* LaunchScreen.storyboard in Resources */ = {isa = PBXBuildFile; fileRef = 0E666DCE20BBE782009378A2 /* LaunchScreen.storyboard */; };
		0E666DD820BBE93A009378A2 /* LKReadModel.swift in Sources */ = {isa = PBXBuildFile; fileRef = 0E666DD720BBE93A009378A2 /* LKReadModel.swift */; };
		0E666DDA20BBED50009378A2 /* LKReadBookManager.swift in Sources */ = {isa = PBXBuildFile; fileRef = 0E666DD920BBED50009378A2 /* LKReadBookManager.swift */; };
		0E666DDC20BBEEB7009378A2 /* LKReadViewController.swift in Sources */ = {isa = PBXBuildFile; fileRef = 0E666DDB20BBEEB7009378A2 /* LKReadViewController.swift */; };
		0E666DDE20BBF252009378A2 /* LKReadSingleViewController.swift in Sources */ = {isa = PBXBuildFile; fileRef = 0E666DDD20BBF252009378A2 /* LKReadSingleViewController.swift */; };
		0EAB2E4120BD310B00E49805 /* LKReadTheme.swift in Sources */ = {isa = PBXBuildFile; fileRef = 0EAB2E4020BD310B00E49805 /* LKReadTheme.swift */; };
		0EAB2E4320BD4F0A00E49805 /* 花开似瑾.txt in Resources */ = {isa = PBXBuildFile; fileRef = 0EAB2E4220BD4F0A00E49805 /* 花开似瑾.txt */; };
		0EB1374120C65CFF00391ADF /* 重生西游之齐天大圣.txt in Resources */ = {isa = PBXBuildFile; fileRef = 0EB1374020C65CFF00391ADF /* 重生西游之齐天大圣.txt */; };
		5E41B4E376B767493991FD2F /* Pods_LKReading.framework in Frameworks */ = {isa = PBXBuildFile; fileRef = C696E3923434A855DA2DE628 /* Pods_LKReading.framework */; };
/* End PBXBuildFile section */

/* Begin PBXFileReference section */
		0E50031220BF9FDC00D2F20A /* LKReadMenuView.swift */ = {isa = PBXFileReference; lastKnownFileType = sourcecode.swift; path = LKReadMenuView.swift; sourceTree = "<group>"; };
		0E50031420BF9FEC00D2F20A /* LKReadMenuView.xib */ = {isa = PBXFileReference; lastKnownFileType = file.xib; path = LKReadMenuView.xib; sourceTree = "<group>"; };
		0E666DC220BBE782009378A2 /* LKReading.app */ = {isa = PBXFileReference; explicitFileType = wrapper.application; includeInIndex = 0; path = LKReading.app; sourceTree = BUILT_PRODUCTS_DIR; };
		0E666DC520BBE782009378A2 /* AppDelegate.swift */ = {isa = PBXFileReference; lastKnownFileType = sourcecode.swift; path = AppDelegate.swift; sourceTree = "<group>"; };
		0E666DC720BBE782009378A2 /* ViewController.swift */ = {isa = PBXFileReference; lastKnownFileType = sourcecode.swift; path = ViewController.swift; sourceTree = "<group>"; };
		0E666DCA20BBE782009378A2 /* Base */ = {isa = PBXFileReference; lastKnownFileType = file.storyboard; name = Base; path = Base.lproj/Main.storyboard; sourceTree = "<group>"; };
		0E666DCC20BBE782009378A2 /* Assets.xcassets */ = {isa = PBXFileReference; lastKnownFileType = folder.assetcatalog; path = Assets.xcassets; sourceTree = "<group>"; };
		0E666DCF20BBE782009378A2 /* Base */ = {isa = PBXFileReference; lastKnownFileType = file.storyboard; name = Base; path = Base.lproj/LaunchScreen.storyboard; sourceTree = "<group>"; };
		0E666DD120BBE782009378A2 /* Info.plist */ = {isa = PBXFileReference; lastKnownFileType = text.plist.xml; path = Info.plist; sourceTree = "<group>"; };
		0E666DD720BBE93A009378A2 /* LKReadModel.swift */ = {isa = PBXFileReference; lastKnownFileType = sourcecode.swift; path = LKReadModel.swift; sourceTree = "<group>"; };
		0E666DD920BBED50009378A2 /* LKReadBookManager.swift */ = {isa = PBXFileReference; lastKnownFileType = sourcecode.swift; path = LKReadBookManager.swift; sourceTree = "<group>"; };
		0E666DDB20BBEEB7009378A2 /* LKReadViewController.swift */ = {isa = PBXFileReference; lastKnownFileType = sourcecode.swift; path = LKReadViewController.swift; sourceTree = "<group>"; };
		0E666DDD20BBF252009378A2 /* LKReadSingleViewController.swift */ = {isa = PBXFileReference; lastKnownFileType = sourcecode.swift; path = LKReadSingleViewController.swift; sourceTree = "<group>"; };
		0EAB2E4020BD310B00E49805 /* LKReadTheme.swift */ = {isa = PBXFileReference; lastKnownFileType = sourcecode.swift; path = LKReadTheme.swift; sourceTree = "<group>"; };
		0EAB2E4220BD4F0A00E49805 /* 花开似瑾.txt */ = {isa = PBXFileReference; fileEncoding = 4; lastKnownFileType = text; path = "花开似瑾.txt"; sourceTree = "<group>"; };
		0EB1374020C65CFF00391ADF /* 重生西游之齐天大圣.txt */ = {isa = PBXFileReference; fileEncoding = 4; lastKnownFileType = text; path = "重生西游之齐天大圣.txt"; sourceTree = "<group>"; };
		5A33EAD797F90F84B79D5AE1 /* Pods-LKReading.debug.xcconfig */ = {isa = PBXFileReference; includeInIndex = 1; lastKnownFileType = text.xcconfig; name = "Pods-LKReading.debug.xcconfig"; path = "Pods/Target Support Files/Pods-LKReading/Pods-LKReading.debug.xcconfig"; sourceTree = "<group>"; };
		A6A605AF7338F1FEFDA6E9EB /* Pods-LKReading.release.xcconfig */ = {isa = PBXFileReference; includeInIndex = 1; lastKnownFileType = text.xcconfig; name = "Pods-LKReading.release.xcconfig"; path = "Pods/Target Support Files/Pods-LKReading/Pods-LKReading.release.xcconfig"; sourceTree = "<group>"; };
		C696E3923434A855DA2DE628 /* Pods_LKReading.framework */ = {isa = PBXFileReference; explicitFileType = wrapper.framework; includeInIndex = 0; path = Pods_LKReading.framework; sourceTree = BUILT_PRODUCTS_DIR; };
/* End PBXFileReference section */

/* Begin PBXFrameworksBuildPhase section */
		0E666DBF20BBE782009378A2 /* Frameworks */ = {
			isa = PBXFrameworksBuildPhase;
			buildActionMask = 2147483647;
			files = (
				5E41B4E376B767493991FD2F /* Pods_LKReading.framework in Frameworks */,
			);
			runOnlyForDeploymentPostprocessing = 0;
		};
/* End PBXFrameworksBuildPhase section */

/* Begin PBXGroup section */
		0E666DB920BBE782009378A2 = {
			isa = PBXGroup;
			children = (
				0E666DC420BBE782009378A2 /* LKReading */,
				0E666DC320BBE782009378A2 /* Products */,
				51E021AD8DE5D2CD57BEC02D /* Pods */,
				468E9D8F2A4555CA64F401CC /* Frameworks */,
			);
			sourceTree = "<group>";
		};
		0E666DC320BBE782009378A2 /* Products */ = {
			isa = PBXGroup;
			children = (
				0E666DC220BBE782009378A2 /* LKReading.app */,
			);
			name = Products;
			sourceTree = "<group>";
		};
		0E666DC420BBE782009378A2 /* LKReading */ = {
			isa = PBXGroup;
			children = (
				0EB1374020C65CFF00391ADF /* 重生西游之齐天大圣.txt */,
				0EAB2E4220BD4F0A00E49805 /* 花开似瑾.txt */,
				0E666DC520BBE782009378A2 /* AppDelegate.swift */,
				0E666DC720BBE782009378A2 /* ViewController.swift */,
				0E666DD720BBE93A009378A2 /* LKReadModel.swift */,
				0E666DD920BBED50009378A2 /* LKReadBookManager.swift */,
				0E666DDB20BBEEB7009378A2 /* LKReadViewController.swift */,
				0E666DDD20BBF252009378A2 /* LKReadSingleViewController.swift */,
				0EAB2E4020BD310B00E49805 /* LKReadTheme.swift */,
				0E50031220BF9FDC00D2F20A /* LKReadMenuView.swift */,
				0E50031420BF9FEC00D2F20A /* LKReadMenuView.xib */,
				0E666DC920BBE782009378A2 /* Main.storyboard */,
				0E666DCC20BBE782009378A2 /* Assets.xcassets */,
				0E666DCE20BBE782009378A2 /* LaunchScreen.storyboard */,
				0E666DD120BBE782009378A2 /* Info.plist */,
			);
			path = LKReading;
			sourceTree = "<group>";
		};
		468E9D8F2A4555CA64F401CC /* Frameworks */ = {
			isa = PBXGroup;
			children = (
				C696E3923434A855DA2DE628 /* Pods_LKReading.framework */,
			);
			name = Frameworks;
			sourceTree = "<group>";
		};
		51E021AD8DE5D2CD57BEC02D /* Pods */ = {
			isa = PBXGroup;
			children = (
				5A33EAD797F90F84B79D5AE1 /* Pods-LKReading.debug.xcconfig */,
				A6A605AF7338F1FEFDA6E9EB /* Pods-LKReading.release.xcconfig */,
			);
			name = Pods;
			sourceTree = "<group>";
		};
/* End PBXGroup section */

/* Begin PBXNativeTarget section */
		0E666DC120BBE782009378A2 /* LKReading */ = {
			isa = PBXNativeTarget;
			buildConfigurationList = 0E666DD420BBE782009378A2 /* Build configuration list for PBXNativeTarget "LKReading" */;
			buildPhases = (
				7437A68BA8D77EE952B06AEC /* [CP] Check Pods Manifest.lock */,
				0E666DBE20BBE782009378A2 /* Sources */,
				0E666DBF20BBE782009378A2 /* Frameworks */,
				0E666DC020BBE782009378A2 /* Resources */,
				B60908FBE22AC343A08A8D90 /* [CP] Embed Pods Frameworks */,
			);
			buildRules = (
			);
			dependencies = (
			);
			name = LKReading;
			productName = LKReading;
			productReference = 0E666DC220BBE782009378A2 /* LKReading.app */;
			productType = "com.apple.product-type.application";
		};
/* End PBXNativeTarget section */

/* Begin PBXProject section */
		0E666DBA20BBE782009378A2 /* Project object */ = {
			isa = PBXProject;
			attributes = {
				LastSwiftUpdateCheck = 0920;
				LastUpgradeCheck = 0920;
				ORGANIZATIONNAME = kLike;
				TargetAttributes = {
					0E666DC120BBE782009378A2 = {
						CreatedOnToolsVersion = 9.2;
						ProvisioningStyle = Automatic;
					};
				};
			};
			buildConfigurationList = 0E666DBD20BBE782009378A2 /* Build configuration list for PBXProject "LKReading" */;
			compatibilityVersion = "Xcode 8.0";
			developmentRegion = en;
			hasScannedForEncodings = 0;
			knownRegions = (
				en,
				Base,
			);
			mainGroup = 0E666DB920BBE782009378A2;
			productRefGroup = 0E666DC320BBE782009378A2 /* Products */;
			projectDirPath = "";
			projectRoot = "";
			targets = (
				0E666DC120BBE782009378A2 /* LKReading */,
			);
		};
/* End PBXProject section */

/* Begin PBXResourcesBuildPhase section */
		0E666DC020BBE782009378A2 /* Resources */ = {
			isa = PBXResourcesBuildPhase;
			buildActionMask = 2147483647;
			files = (
				0E50031520BF9FEC00D2F20A /* LKReadMenuView.xib in Resources */,
				0E666DD020BBE782009378A2 /* LaunchScreen.storyboard in Resources */,
				0EAB2E4320BD4F0A00E49805 /* 花开似瑾.txt in Resources */,
				0E666DCD20BBE782009378A2 /* Assets.xcassets in Resources */,
				0E666DCB20BBE782009378A2 /* Main.storyboard in Resources */,
				0EB1374120C65CFF00391ADF /* 重生西游之齐天大圣.txt in Resources */,
			);
			runOnlyForDeploymentPostprocessing = 0;
		};
/* End PBXResourcesBuildPhase section */

/* Begin PBXShellScriptBuildPhase section */
		7437A68BA8D77EE952B06AEC /* [CP] Check Pods Manifest.lock */ = {
			isa = PBXShellScriptBuildPhase;
			buildActionMask = 2147483647;
			files = (
			);
			inputPaths = (
				"${PODS_PODFILE_DIR_PATH}/Podfile.lock",
				"${PODS_ROOT}/Manifest.lock",
			);
			name = "[CP] Check Pods Manifest.lock";
			outputPaths = (
				"$(DERIVED_FILE_DIR)/Pods-LKReading-checkManifestLockResult.txt",
			);
			runOnlyForDeploymentPostprocessing = 0;
			shellPath = /bin/sh;
			shellScript = "diff \"${PODS_PODFILE_DIR_PATH}/Podfile.lock\" \"${PODS_ROOT}/Manifest.lock\" > /dev/null\nif [ $? != 0 ] ; then\n    # print error to STDERR\n    echo \"error: The sandbox is not in sync with the Podfile.lock. Run 'pod install' or update your CocoaPods installation.\" >&2\n    exit 1\nfi\n# This output is used by Xcode 'outputs' to avoid re-running this script phase.\necho \"SUCCESS\" > \"${SCRIPT_OUTPUT_FILE_0}\"\n";
			showEnvVarsInLog = 0;
		};
		B60908FBE22AC343A08A8D90 /* [CP] Embed Pods Frameworks */ = {
			isa = PBXShellScriptBuildPhase;
			buildActionMask = 2147483647;
			files = (
			);
			inputPaths = (
				"${SRCROOT}/Pods/Target Support Files/Pods-LKReading/Pods-LKReading-frameworks.sh",
				"${BUILT_PRODUCTS_DIR}/Realm/Realm.framework",
				"${BUILT_PRODUCTS_DIR}/RealmSwift/RealmSwift.framework",
			);
			name = "[CP] Embed Pods Frameworks";
			outputPaths = (
				"${TARGET_BUILD_DIR}/${FRAMEWORKS_FOLDER_PATH}/Realm.framework",
				"${TARGET_BUILD_DIR}/${FRAMEWORKS_FOLDER_PATH}/RealmSwift.framework",
			);
			runOnlyForDeploymentPostprocessing = 0;
			shellPath = /bin/sh;
			shellScript = "\"${SRCROOT}/Pods/Target Support Files/Pods-LKReading/Pods-LKReading-frameworks.sh\"\n";
			showEnvVarsInLog = 0;
		};
/* End PBXShellScriptBuildPhase section */

/* Begin PBXSourcesBuildPhase section */
		0E666DBE20BBE782009378A2 /* Sources */ = {
			isa = PBXSourcesBuildPhase;
			buildActionMask = 2147483647;
			files = (
				0E666DDE20BBF252009378A2 /* LKReadSingleViewController.swift in Sources */,
				0E666DDC20BBEEB7009378A2 /* LKReadViewController.swift in Sources */,
				0E50031320BF9FDC00D2F20A /* LKReadMenuView.swift in Sources */,
				0E666DC820BBE782009378A2 /* ViewController.swift in Sources */,
				0EAB2E4120BD310B00E49805 /* LKReadTheme.swift in Sources */,
				0E666DC620BBE782009378A2 /* AppDelegate.swift in Sources */,
				0E666DD820BBE93A009378A2 /* LKReadModel.swift in Sources */,
				0E666DDA20BBED50009378A2 /* LKReadBookManager.swift in Sources */,
			);
			runOnlyForDeploymentPostprocessing = 0;
		};
/* End PBXSourcesBuildPhase section */

/* Begin PBXVariantGroup section */
		0E666DC920BBE782009378A2 /* Main.storyboard */ = {
			isa = PBXVariantGroup;
			children = (
				0E666DCA20BBE782009378A2 /* Base */,
			);
			name = Main.storyboard;
			sourceTree = "<group>";
		};
		0E666DCE20BBE782009378A2 /* LaunchScreen.storyboard */ = {
			isa = PBXVariantGroup;
			children = (
				0E666DCF20BBE782009378A2 /* Base */,
			);
			name = LaunchScreen.storyboard;
			sourceTree = "<group>";
		};
/* End PBXVariantGroup section */

/* Begin XCBuildConfiguration section */
		0E666DD220BBE782009378A2 /* Debug */ = {
			isa = XCBuildConfiguration;
			buildSettings = {
				ALWAYS_SEARCH_USER_PATHS = NO;
				CLANG_ANALYZER_NONNULL = YES;
				CLANG_ANALYZER_NUMBER_OBJECT_CONVERSION = YES_AGGRESSIVE;
				CLANG_CXX_LANGUAGE_STANDARD = "gnu++14";
				CLANG_CXX_LIBRARY = "libc++";
				CLANG_ENABLE_MODULES = YES;
				CLANG_ENABLE_OBJC_ARC = YES;
				CLANG_WARN_BLOCK_CAPTURE_AUTORELEASING = YES;
				CLANG_WARN_BOOL_CONVERSION = YES;
				CLANG_WARN_COMMA = YES;
				CLANG_WARN_CONSTANT_CONVERSION = YES;
				CLANG_WARN_DIRECT_OBJC_ISA_USAGE = YES_ERROR;
				CLANG_WARN_DOCUMENTATION_COMMENTS = YES;
				CLANG_WARN_EMPTY_BODY = YES;
				CLANG_WARN_ENUM_CONVERSION = YES;
				CLANG_WARN_INFINITE_RECURSION = YES;
				CLANG_WARN_INT_CONVERSION = YES;
				CLANG_WARN_NON_LITERAL_NULL_CONVERSION = YES;
				CLANG_WARN_OBJC_LITERAL_CONVERSION = YES;
				CLANG_WARN_OBJC_ROOT_CLASS = YES_ERROR;
				CLANG_WARN_RANGE_LOOP_ANALYSIS = YES;
				CLANG_WARN_STRICT_PROTOTYPES = YES;
				CLANG_WARN_SUSPICIOUS_MOVE = YES;
				CLANG_WARN_UNGUARDED_AVAILABILITY = YES_AGGRESSIVE;
				CLANG_WARN_UNREACHABLE_CODE = YES;
				CLANG_WARN__DUPLICATE_METHOD_MATCH = YES;
				CODE_SIGN_IDENTITY = "iPhone Developer";
				COPY_PHASE_STRIP = NO;
				DEBUG_INFORMATION_FORMAT = dwarf;
				ENABLE_STRICT_OBJC_MSGSEND = YES;
				ENABLE_TESTABILITY = YES;
				GCC_C_LANGUAGE_STANDARD = gnu11;
				GCC_DYNAMIC_NO_PIC = NO;
				GCC_NO_COMMON_BLOCKS = YES;
				GCC_OPTIMIZATION_LEVEL = 0;
				GCC_PREPROCESSOR_DEFINITIONS = (
					"DEBUG=1",
					"$(inherited)",
				);
				GCC_WARN_64_TO_32_BIT_CONVERSION = YES;
				GCC_WARN_ABOUT_RETURN_TYPE = YES_ERROR;
				GCC_WARN_UNDECLARED_SELECTOR = YES;
				GCC_WARN_UNINITIALIZED_AUTOS = YES_AGGRESSIVE;
				GCC_WARN_UNUSED_FUNCTION = YES;
				GCC_WARN_UNUSED_VARIABLE = YES;
				IPHONEOS_DEPLOYMENT_TARGET = 11.2;
				MTL_ENABLE_DEBUG_INFO = YES;
				ONLY_ACTIVE_ARCH = YES;
				SDKROOT = iphoneos;
				SWIFT_ACTIVE_COMPILATION_CONDITIONS = DEBUG;
				SWIFT_OPTIMIZATION_LEVEL = "-Onone";
			};
			name = Debug;
		};
		0E666DD320BBE782009378A2 /* Release */ = {
			isa = XCBuildConfiguration;
			buildSettings = {
				ALWAYS_SEARCH_USER_PATHS = NO;
				CLANG_ANALYZER_NONNULL = YES;
				CLANG_ANALYZER_NUMBER_OBJECT_CONVERSION = YES_AGGRESSIVE;
				CLANG_CXX_LANGUAGE_STANDARD = "gnu++14";
				CLANG_CXX_LIBRARY = "libc++";
				CLANG_ENABLE_MODULES = YES;
				CLANG_ENABLE_OBJC_ARC = YES;
				CLANG_WARN_BLOCK_CAPTURE_AUTORELEASING = YES;
				CLANG_WARN_BOOL_CONVERSION = YES;
				CLANG_WARN_COMMA = YES;
				CLANG_WARN_CONSTANT_CONVERSION = YES;
				CLANG_WARN_DIRECT_OBJC_ISA_USAGE = YES_ERROR;
				CLANG_WARN_DOCUMENTATION_COMMENTS = YES;
				CLANG_WARN_EMPTY_BODY = YES;
				CLANG_WARN_ENUM_CONVERSION = YES;
				CLANG_WARN_INFINITE_RECURSION = YES;
				CLANG_WARN_INT_CONVERSION = YES;
				CLANG_WARN_NON_LITERAL_NULL_CONVERSION = YES;
				CLANG_WARN_OBJC_LITERAL_CONVERSION = YES;
				CLANG_WARN_OBJC_ROOT_CLASS = YES_ERROR;
				CLANG_WARN_RANGE_LOOP_ANALYSIS = YES;
				CLANG_WARN_STRICT_PROTOTYPES = YES;
				CLANG_WARN_SUSPICIOUS_MOVE = YES;
				CLANG_WARN_UNGUARDED_AVAILABILITY = YES_AGGRESSIVE;
				CLANG_WARN_UNREACHABLE_CODE = YES;
				CLANG_WARN__DUPLICATE_METHOD_MATCH = YES;
				CODE_SIGN_IDENTITY = "iPhone Developer";
				COPY_PHASE_STRIP = NO;
				DEBUG_INFORMATION_FORMAT = "dwarf-with-dsym";
				ENABLE_NS_ASSERTIONS = NO;
				ENABLE_STRICT_OBJC_MSGSEND = YES;
				GCC_C_LANGUAGE_STANDARD = gnu11;
				GCC_NO_COMMON_BLOCKS = YES;
				GCC_WARN_64_TO_32_BIT_CONVERSION = YES;
				GCC_WARN_ABOUT_RETURN_TYPE = YES_ERROR;
				GCC_WARN_UNDECLARED_SELECTOR = YES;
				GCC_WARN_UNINITIALIZED_AUTOS = YES_AGGRESSIVE;
				GCC_WARN_UNUSED_FUNCTION = YES;
				GCC_WARN_UNUSED_VARIABLE = YES;
				IPHONEOS_DEPLOYMENT_TARGET = 11.2;
				MTL_ENABLE_DEBUG_INFO = NO;
				SDKROOT = iphoneos;
				SWIFT_OPTIMIZATION_LEVEL = "-Owholemodule";
				VALIDATE_PRODUCT = YES;
			};
			name = Release;
		};
		0E666DD520BBE782009378A2 /* Debug */ = {
			isa = XCBuildConfiguration;
			baseConfigurationReference = 5A33EAD797F90F84B79D5AE1 /* Pods-LKReading.debug.xcconfig */;
			buildSettings = {
				ASSETCATALOG_COMPILER_APPICON_NAME = AppIcon;
				CODE_SIGN_STYLE = Automatic;
				INFOPLIST_FILE = LKReading/Info.plist;
				LD_RUNPATH_SEARCH_PATHS = "$(inherited) @executable_path/Frameworks";
				PRODUCT_BUNDLE_IDENTIFIER = kLike.LKReading;
				PRODUCT_NAME = "$(TARGET_NAME)";
				SWIFT_VERSION = 4.0;
				TARGETED_DEVICE_FAMILY = "1,2";
			};
			name = Debug;
		};
		0E666DD620BBE782009378A2 /* Release */ = {
			isa = XCBuildConfiguration;
			baseConfigurationReference = A6A605AF7338F1FEFDA6E9EB /* Pods-LKReading.release.xcconfig */;
			buildSettings = {
				ASSETCATALOG_COMPILER_APPICON_NAME = AppIcon;
				CODE_SIGN_STYLE = Automatic;
				INFOPLIST_FILE = LKReading/Info.plist;
				LD_RUNPATH_SEARCH_PATHS = "$(inherited) @executable_path/Frameworks";
				PRODUCT_BUNDLE_IDENTIFIER = kLike.LKReading;
				PRODUCT_NAME = "$(TARGET_NAME)";
				SWIFT_VERSION = 4.0;
				TARGETED_DEVICE_FAMILY = "1,2";
			};
			name = Release;
		};
/* End XCBuildConfiguration section */

/* Begin XCConfigurationList section */
		0E666DBD20BBE782009378A2 /* Build configuration list for PBXProject "LKReading" */ = {
			isa = XCConfigurationList;
			buildConfigurations = (
				0E666DD220BBE782009378A2 /* Debug */,
				0E666DD320BBE782009378A2 /* Release */,
			);
			defaultConfigurationIsVisible = 0;
			defaultConfigurationName = Release;
		};
		0E666DD420BBE782009378A2 /* Build configuration list for PBXNativeTarget "LKReading" */ = {
			isa = XCConfigurationList;
			buildConfigurations = (
				0E666DD520BBE782009378A2 /* Debug */,
				0E666DD620BBE782009378A2 /* Release */,
			);
			defaultConfigurationIsVisible = 0;
			defaultConfigurationName = Release;
		};
/* End XCConfigurationList section */
	};
	rootObject = 0E666DBA20BBE782009378A2 /* Project object */;
}
