// !$*UTF8*$!
{
	archiveVersion = 1;
	classes = {
	};
	objectVersion = 48;
	objects = {

/* Begin PBXBuildFile section */
		0E01371020DA3D4C00C8F552 /* LKBookParsing.swift in Sources */ = {isa = PBXBuildFile; fileRef = 0E01370F20DA3D4C00C8F552 /* LKBookParsing.swift */; };
		0E01371520DA442E00C8F552 /* GTMNSString+HTML.m in Sources */ = {isa = PBXBuildFile; fileRef = 0E01371420DA442E00C8F552 /* GTMNSString+HTML.m */; settings = {COMPILER_FLAGS = "-fno-objc-arc"; }; };
		0E40B5FD20D1058400CA39FD /* NSString+HTML.m in Sources */ = {isa = PBXBuildFile; fileRef = 0E40B5D720D1058300CA39FD /* NSString+HTML.m */; settings = {COMPILER_FLAGS = "-fno-objc-arc"; }; };
		0E40B5FE20D1058400CA39FD /* CXMLDocument_CreationExtensions.m in Sources */ = {isa = PBXBuildFile; fileRef = 0E40B5DC20D1058300CA39FD /* CXMLDocument_CreationExtensions.m */; };
		0E40B5FF20D1058400CA39FD /* CXMLNode_CreationExtensions.m in Sources */ = {isa = PBXBuildFile; fileRef = 0E40B5DE20D1058300CA39FD /* CXMLNode_CreationExtensions.m */; };
		0E40B60020D1058400CA39FD /* CXHTMLDocument.m in Sources */ = {isa = PBXBuildFile; fileRef = 0E40B5E020D1058300CA39FD /* CXHTMLDocument.m */; };
		0E40B60120D1058400CA39FD /* CXMLDocument.m in Sources */ = {isa = PBXBuildFile; fileRef = 0E40B5E220D1058300CA39FD /* CXMLDocument.m */; };
		0E40B60220D1058400CA39FD /* CXMLDocument_PrivateExtensions.m in Sources */ = {isa = PBXBuildFile; fileRef = 0E40B5E420D1058300CA39FD /* CXMLDocument_PrivateExtensions.m */; };
		0E40B60320D1058400CA39FD /* CXMLElement.m in Sources */ = {isa = PBXBuildFile; fileRef = 0E40B5E620D1058300CA39FD /* CXMLElement.m */; };
		0E40B60420D1058400CA39FD /* CXMLElement_CreationExtensions.m in Sources */ = {isa = PBXBuildFile; fileRef = 0E40B5E820D1058300CA39FD /* CXMLElement_CreationExtensions.m */; };
		0E40B60520D1058400CA39FD /* CXMLElement_ElementTreeExtensions.m in Sources */ = {isa = PBXBuildFile; fileRef = 0E40B5EA20D1058300CA39FD /* CXMLElement_ElementTreeExtensions.m */; };
		0E40B60620D1058400CA39FD /* CXMLNamespaceNode.m in Sources */ = {isa = PBXBuildFile; fileRef = 0E40B5EC20D1058300CA39FD /* CXMLNamespaceNode.m */; };
		0E40B60720D1058400CA39FD /* CXMLNode.m in Sources */ = {isa = PBXBuildFile; fileRef = 0E40B5EE20D1058300CA39FD /* CXMLNode.m */; };
		0E40B60820D1058400CA39FD /* CXMLNode_PrivateExtensions.m in Sources */ = {isa = PBXBuildFile; fileRef = 0E40B5F020D1058300CA39FD /* CXMLNode_PrivateExtensions.m */; };
		0E40B60920D1058400CA39FD /* CXMLNode_XPathExtensions.m in Sources */ = {isa = PBXBuildFile; fileRef = 0E40B5F220D1058300CA39FD /* CXMLNode_XPathExtensions.m */; };
		0E40B60A20D1058400CA39FD /* CXMLUnsupportedNode.m in Sources */ = {isa = PBXBuildFile; fileRef = 0E40B5F420D1058300CA39FD /* CXMLUnsupportedNode.m */; };
		0E40B60B20D1058400CA39FD /* CTidy.m in Sources */ = {isa = PBXBuildFile; fileRef = 0E40B5F720D1058300CA39FD /* CTidy.m */; };
		0E40B61320D10CD500CA39FD /* libxml2.2.tbd in Frameworks */ = {isa = PBXBuildFile; fileRef = 0E40B61220D10CD500CA39FD /* libxml2.2.tbd */; };
		0E40B61520D10CDC00CA39FD /* libz.tbd in Frameworks */ = {isa = PBXBuildFile; fileRef = 0E40B61420D10CDC00CA39FD /* libz.tbd */; };
		0E40B61920D1197700CA39FD /* 我欲封天.epub in Resources */ = {isa = PBXBuildFile; fileRef = 0E40B61820D1184400CA39FD /* 我欲封天.epub */; };
		0E50031320BF9FDC00D2F20A /* LKReadMenuView.swift in Sources */ = {isa = PBXBuildFile; fileRef = 0E50031220BF9FDC00D2F20A /* LKReadMenuView.swift */; };
		0E50031520BF9FEC00D2F20A /* LKReadMenuView.xib in Resources */ = {isa = PBXBuildFile; fileRef = 0E50031420BF9FEC00D2F20A /* LKReadMenuView.xib */; };
		0E666DC620BBE782009378A2 /* AppDelegate.swift in Sources */ = {isa = PBXBuildFile; fileRef = 0E666DC520BBE782009378A2 /* AppDelegate.swift */; };
		0E666DC820BBE782009378A2 /* ViewController.swift in Sources */ = {isa = PBXBuildFile; fileRef = 0E666DC720BBE782009378A2 /* ViewController.swift */; };
		0E666DCB20BBE782009378A2 /* Main.storyboard in Resources */ = {isa = PBXBuildFile; fileRef = 0E666DC920BBE782009378A2 /* Main.storyboard */; };
		0E666DCD20BBE782009378A2 /* Assets.xcassets in Resources */ = {isa = PBXBuildFile; fileRef = 0E666DCC20BBE782009378A2 /* Assets.xcassets */; };
		0E666DD020BBE782009378A2 /* LaunchScreen.storyboard in Resources */ = {isa = PBXBuildFile; fileRef = 0E666DCE20BBE782009378A2 /* LaunchScreen.storyboard */; };
		0E666DD820BBE93A009378A2 /* LKReadModel.swift in Sources */ = {isa = PBXBuildFile; fileRef = 0E666DD720BBE93A009378A2 /* LKReadModel.swift */; };
		0E666DDA20BBED50009378A2 /* LKReadBookManager.swift in Sources */ = {isa = PBXBuildFile; fileRef = 0E666DD920BBED50009378A2 /* LKReadBookManager.swift */; };
		0E666DDC20BBEEB7009378A2 /* LKReadViewController.swift in Sources */ = {isa = PBXBuildFile; fileRef = 0E666DDB20BBEEB7009378A2 /* LKReadViewController.swift */; };
		0E666DDE20BBF252009378A2 /* LKReadSingleViewController.swift in Sources */ = {isa = PBXBuildFile; fileRef = 0E666DDD20BBF252009378A2 /* LKReadSingleViewController.swift */; };
		0EAB2E4120BD310B00E49805 /* LKReadTheme.swift in Sources */ = {isa = PBXBuildFile; fileRef = 0EAB2E4020BD310B00E49805 /* LKReadTheme.swift */; };
		0EAB2E4320BD4F0A00E49805 /* 花开似瑾.txt in Resources */ = {isa = PBXBuildFile; fileRef = 0EAB2E4220BD4F0A00E49805 /* 花开似瑾.txt */; };
		5E41B4E376B767493991FD2F /* Pods_LKReading.framework in Frameworks */ = {isa = PBXBuildFile; fileRef = C696E3923434A855DA2DE628 /* Pods_LKReading.framework */; };
/* End PBXBuildFile section */

/* Begin PBXFileReference section */
		0E01370F20DA3D4C00C8F552 /* LKBookParsing.swift */ = {isa = PBXFileReference; lastKnownFileType = sourcecode.swift; path = LKBookParsing.swift; sourceTree = "<group>"; };
		0E01371220DA442E00C8F552 /* GTMNSString+HTML.h */ = {isa = PBXFileReference; fileEncoding = 4; lastKnownFileType = sourcecode.c.h; path = "GTMNSString+HTML.h"; sourceTree = "<group>"; };
		0E01371320DA442E00C8F552 /* GTMDefines.h */ = {isa = PBXFileReference; fileEncoding = 4; lastKnownFileType = sourcecode.c.h; path = GTMDefines.h; sourceTree = "<group>"; };
		0E01371420DA442E00C8F552 /* GTMNSString+HTML.m */ = {isa = PBXFileReference; fileEncoding = 4; lastKnownFileType = sourcecode.c.objc; path = "GTMNSString+HTML.m"; sourceTree = "<group>"; };
		0E40B5D620D1058300CA39FD /* NSString+HTML.h */ = {isa = PBXFileReference; fileEncoding = 4; lastKnownFileType = sourcecode.c.h; path = "NSString+HTML.h"; sourceTree = "<group>"; };
		0E40B5D720D1058300CA39FD /* NSString+HTML.m */ = {isa = PBXFileReference; fileEncoding = 4; lastKnownFileType = sourcecode.c.objc; path = "NSString+HTML.m"; sourceTree = "<group>"; };
		0E40B5DB20D1058300CA39FD /* CXMLDocument_CreationExtensions.h */ = {isa = PBXFileReference; fileEncoding = 4; lastKnownFileType = sourcecode.c.h; path = CXMLDocument_CreationExtensions.h; sourceTree = "<group>"; };
		0E40B5DC20D1058300CA39FD /* CXMLDocument_CreationExtensions.m */ = {isa = PBXFileReference; fileEncoding = 4; lastKnownFileType = sourcecode.c.objc; path = CXMLDocument_CreationExtensions.m; sourceTree = "<group>"; };
		0E40B5DD20D1058300CA39FD /* CXMLNode_CreationExtensions.h */ = {isa = PBXFileReference; fileEncoding = 4; lastKnownFileType = sourcecode.c.h; path = CXMLNode_CreationExtensions.h; sourceTree = "<group>"; };
		0E40B5DE20D1058300CA39FD /* CXMLNode_CreationExtensions.m */ = {isa = PBXFileReference; fileEncoding = 4; lastKnownFileType = sourcecode.c.objc; path = CXMLNode_CreationExtensions.m; sourceTree = "<group>"; };
		0E40B5DF20D1058300CA39FD /* CXHTMLDocument.h */ = {isa = PBXFileReference; fileEncoding = 4; lastKnownFileType = sourcecode.c.h; path = CXHTMLDocument.h; sourceTree = "<group>"; };
		0E40B5E020D1058300CA39FD /* CXHTMLDocument.m */ = {isa = PBXFileReference; fileEncoding = 4; lastKnownFileType = sourcecode.c.objc; path = CXHTMLDocument.m; sourceTree = "<group>"; };
		0E40B5E120D1058300CA39FD /* CXMLDocument.h */ = {isa = PBXFileReference; fileEncoding = 4; lastKnownFileType = sourcecode.c.h; path = CXMLDocument.h; sourceTree = "<group>"; };
		0E40B5E220D1058300CA39FD /* CXMLDocument.m */ = {isa = PBXFileReference; fileEncoding = 4; lastKnownFileType = sourcecode.c.objc; path = CXMLDocument.m; sourceTree = "<group>"; };
		0E40B5E320D1058300CA39FD /* CXMLDocument_PrivateExtensions.h */ = {isa = PBXFileReference; fileEncoding = 4; lastKnownFileType = sourcecode.c.h; path = CXMLDocument_PrivateExtensions.h; sourceTree = "<group>"; };
		0E40B5E420D1058300CA39FD /* CXMLDocument_PrivateExtensions.m */ = {isa = PBXFileReference; fileEncoding = 4; lastKnownFileType = sourcecode.c.objc; path = CXMLDocument_PrivateExtensions.m; sourceTree = "<group>"; };
		0E40B5E520D1058300CA39FD /* CXMLElement.h */ = {isa = PBXFileReference; fileEncoding = 4; lastKnownFileType = sourcecode.c.h; path = CXMLElement.h; sourceTree = "<group>"; };
		0E40B5E620D1058300CA39FD /* CXMLElement.m */ = {isa = PBXFileReference; fileEncoding = 4; lastKnownFileType = sourcecode.c.objc; path = CXMLElement.m; sourceTree = "<group>"; };
		0E40B5E720D1058300CA39FD /* CXMLElement_CreationExtensions.h */ = {isa = PBXFileReference; fileEncoding = 4; lastKnownFileType = sourcecode.c.h; path = CXMLElement_CreationExtensions.h; sourceTree = "<group>"; };
		0E40B5E820D1058300CA39FD /* CXMLElement_CreationExtensions.m */ = {isa = PBXFileReference; fileEncoding = 4; lastKnownFileType = sourcecode.c.objc; path = CXMLElement_CreationExtensions.m; sourceTree = "<group>"; };
		0E40B5E920D1058300CA39FD /* CXMLElement_ElementTreeExtensions.h */ = {isa = PBXFileReference; fileEncoding = 4; lastKnownFileType = sourcecode.c.h; path = CXMLElement_ElementTreeExtensions.h; sourceTree = "<group>"; };
		0E40B5EA20D1058300CA39FD /* CXMLElement_ElementTreeExtensions.m */ = {isa = PBXFileReference; fileEncoding = 4; lastKnownFileType = sourcecode.c.objc; path = CXMLElement_ElementTreeExtensions.m; sourceTree = "<group>"; };
		0E40B5EB20D1058300CA39FD /* CXMLNamespaceNode.h */ = {isa = PBXFileReference; fileEncoding = 4; lastKnownFileType = sourcecode.c.h; path = CXMLNamespaceNode.h; sourceTree = "<group>"; };
		0E40B5EC20D1058300CA39FD /* CXMLNamespaceNode.m */ = {isa = PBXFileReference; fileEncoding = 4; lastKnownFileType = sourcecode.c.objc; path = CXMLNamespaceNode.m; sourceTree = "<group>"; };
		0E40B5ED20D1058300CA39FD /* CXMLNode.h */ = {isa = PBXFileReference; fileEncoding = 4; lastKnownFileType = sourcecode.c.h; path = CXMLNode.h; sourceTree = "<group>"; };
		0E40B5EE20D1058300CA39FD /* CXMLNode.m */ = {isa = PBXFileReference; fileEncoding = 4; lastKnownFileType = sourcecode.c.objc; path = CXMLNode.m; sourceTree = "<group>"; };
		0E40B5EF20D1058300CA39FD /* CXMLNode_PrivateExtensions.h */ = {isa = PBXFileReference; fileEncoding = 4; lastKnownFileType = sourcecode.c.h; path = CXMLNode_PrivateExtensions.h; sourceTree = "<group>"; };
		0E40B5F020D1058300CA39FD /* CXMLNode_PrivateExtensions.m */ = {isa = PBXFileReference; fileEncoding = 4; lastKnownFileType = sourcecode.c.objc; path = CXMLNode_PrivateExtensions.m; sourceTree = "<group>"; };
		0E40B5F120D1058300CA39FD /* CXMLNode_XPathExtensions.h */ = {isa = PBXFileReference; fileEncoding = 4; lastKnownFileType = sourcecode.c.h; path = CXMLNode_XPathExtensions.h; sourceTree = "<group>"; };
		0E40B5F220D1058300CA39FD /* CXMLNode_XPathExtensions.m */ = {isa = PBXFileReference; fileEncoding = 4; lastKnownFileType = sourcecode.c.objc; path = CXMLNode_XPathExtensions.m; sourceTree = "<group>"; };
		0E40B5F320D1058300CA39FD /* CXMLUnsupportedNode.h */ = {isa = PBXFileReference; fileEncoding = 4; lastKnownFileType = sourcecode.c.h; path = CXMLUnsupportedNode.h; sourceTree = "<group>"; };
		0E40B5F420D1058300CA39FD /* CXMLUnsupportedNode.m */ = {isa = PBXFileReference; fileEncoding = 4; lastKnownFileType = sourcecode.c.objc; path = CXMLUnsupportedNode.m; sourceTree = "<group>"; };
		0E40B5F620D1058300CA39FD /* CTidy.h */ = {isa = PBXFileReference; fileEncoding = 4; lastKnownFileType = sourcecode.c.h; path = CTidy.h; sourceTree = "<group>"; };
		0E40B5F720D1058300CA39FD /* CTidy.m */ = {isa = PBXFileReference; fileEncoding = 4; lastKnownFileType = sourcecode.c.objc; path = CTidy.m; sourceTree = "<group>"; };
		0E40B5F820D1058300CA39FD /* TouchXML.h */ = {isa = PBXFileReference; fileEncoding = 4; lastKnownFileType = sourcecode.c.h; path = TouchXML.h; sourceTree = "<group>"; };
		0E40B61120D10B6200CA39FD /* LKReading-Bridging-Header.h */ = {isa = PBXFileReference; lastKnownFileType = sourcecode.c.h; path = "LKReading-Bridging-Header.h"; sourceTree = "<group>"; };
		0E40B61220D10CD500CA39FD /* libxml2.2.tbd */ = {isa = PBXFileReference; lastKnownFileType = "sourcecode.text-based-dylib-definition"; name = libxml2.2.tbd; path = usr/lib/libxml2.2.tbd; sourceTree = SDKROOT; };
		0E40B61420D10CDC00CA39FD /* libz.tbd */ = {isa = PBXFileReference; lastKnownFileType = "sourcecode.text-based-dylib-definition"; name = libz.tbd; path = usr/lib/libz.tbd; sourceTree = SDKROOT; };
		0E40B61820D1184400CA39FD /* 我欲封天.epub */ = {isa = PBXFileReference; lastKnownFileType = file; path = "我欲封天.epub"; sourceTree = "<group>"; };
		0E50031220BF9FDC00D2F20A /* LKReadMenuView.swift */ = {isa = PBXFileReference; lastKnownFileType = sourcecode.swift; path = LKReadMenuView.swift; sourceTree = "<group>"; };
		0E50031420BF9FEC00D2F20A /* LKReadMenuView.xib */ = {isa = PBXFileReference; lastKnownFileType = file.xib; path = LKReadMenuView.xib; sourceTree = "<group>"; };
		0E666DC220BBE782009378A2 /* LKReading.app */ = {isa = PBXFileReference; explicitFileType = wrapper.application; includeInIndex = 0; path = LKReading.app; sourceTree = BUILT_PRODUCTS_DIR; };
		0E666DC520BBE782009378A2 /* AppDelegate.swift */ = {isa = PBXFileReference; lastKnownFileType = sourcecode.swift; path = AppDelegate.swift; sourceTree = "<group>"; };
		0E666DC720BBE782009378A2 /* ViewController.swift */ = {isa = PBXFileReference; lastKnownFileType = sourcecode.swift; path = ViewController.swift; sourceTree = "<group>"; };
		0E666DCA20BBE782009378A2 /* Base */ = {isa = PBXFileReference; lastKnownFileType = file.storyboard; name = Base; path = Base.lproj/Main.storyboard; sourceTree = "<group>"; };
		0E666DCC20BBE782009378A2 /* Assets.xcassets */ = {isa = PBXFileReference; lastKnownFileType = folder.assetcatalog; path = Assets.xcassets; sourceTree = "<group>"; };
		0E666DCF20BBE782009378A2 /* Base */ = {isa = PBXFileReference; lastKnownFileType = file.storyboard; name = Base; path = Base.lproj/LaunchScreen.storyboard; sourceTree = "<group>"; };
		0E666DD120BBE782009378A2 /* Info.plist */ = {isa = PBXFileReference; lastKnownFileType = text.plist.xml; path = Info.plist; sourceTree = "<group>"; };
		0E666DD720BBE93A009378A2 /* LKReadModel.swift */ = {isa = PBXFileReference; lastKnownFileType = sourcecode.swift; path = LKReadModel.swift; sourceTree = "<group>"; };
		0E666DD920BBED50009378A2 /* LKReadBookManager.swift */ = {isa = PBXFileReference; lastKnownFileType = sourcecode.swift; path = LKReadBookManager.swift; sourceTree = "<group>"; };
		0E666DDB20BBEEB7009378A2 /* LKReadViewController.swift */ = {isa = PBXFileReference; lastKnownFileType = sourcecode.swift; path = LKReadViewController.swift; sourceTree = "<group>"; };
		0E666DDD20BBF252009378A2 /* LKReadSingleViewController.swift */ = {isa = PBXFileReference; lastKnownFileType = sourcecode.swift; path = LKReadSingleViewController.swift; sourceTree = "<group>"; };
		0EAB2E4020BD310B00E49805 /* LKReadTheme.swift */ = {isa = PBXFileReference; lastKnownFileType = sourcecode.swift; path = LKReadTheme.swift; sourceTree = "<group>"; };
		0EAB2E4220BD4F0A00E49805 /* 花开似瑾.txt */ = {isa = PBXFileReference; fileEncoding = 4; lastKnownFileType = text; path = "花开似瑾.txt"; sourceTree = "<group>"; };
		5A33EAD797F90F84B79D5AE1 /* Pods-LKReading.debug.xcconfig */ = {isa = PBXFileReference; includeInIndex = 1; lastKnownFileType = text.xcconfig; name = "Pods-LKReading.debug.xcconfig"; path = "Pods/Target Support Files/Pods-LKReading/Pods-LKReading.debug.xcconfig"; sourceTree = "<group>"; };
		A6A605AF7338F1FEFDA6E9EB /* Pods-LKReading.release.xcconfig */ = {isa = PBXFileReference; includeInIndex = 1; lastKnownFileType = text.xcconfig; name = "Pods-LKReading.release.xcconfig"; path = "Pods/Target Support Files/Pods-LKReading/Pods-LKReading.release.xcconfig"; sourceTree = "<group>"; };
		C696E3923434A855DA2DE628 /* Pods_LKReading.framework */ = {isa = PBXFileReference; explicitFileType = wrapper.framework; includeInIndex = 0; path = Pods_LKReading.framework; sourceTree = BUILT_PRODUCTS_DIR; };
/* End PBXFileReference section */

/* Begin PBXFrameworksBuildPhase section */
		0E666DBF20BBE782009378A2 /* Frameworks */ = {
			isa = PBXFrameworksBuildPhase;
			buildActionMask = 2147483647;
			files = (
				0E40B61520D10CDC00CA39FD /* libz.tbd in Frameworks */,
				0E40B61320D10CD500CA39FD /* libxml2.2.tbd in Frameworks */,
				5E41B4E376B767493991FD2F /* Pods_LKReading.framework in Frameworks */,
			);
			runOnlyForDeploymentPostprocessing = 0;
		};
/* End PBXFrameworksBuildPhase section */

/* Begin PBXGroup section */
		0E01371120DA440200C8F552 /* tool */ = {
			isa = PBXGroup;
			children = (
				0E01371320DA442E00C8F552 /* GTMDefines.h */,
				0E01371220DA442E00C8F552 /* GTMNSString+HTML.h */,
				0E01371420DA442E00C8F552 /* GTMNSString+HTML.m */,
				0E40B5D620D1058300CA39FD /* NSString+HTML.h */,
				0E40B5D720D1058300CA39FD /* NSString+HTML.m */,
				0E40B5D820D1058300CA39FD /* TouchXML */,
			);
			path = tool;
			sourceTree = "<group>";
		};
		0E40B5D820D1058300CA39FD /* TouchXML */ = {
			isa = PBXGroup;
			children = (
				0E40B5D920D1058300CA39FD /* Source */,
			);
			path = TouchXML;
			sourceTree = "<group>";
		};
		0E40B5D920D1058300CA39FD /* Source */ = {
			isa = PBXGroup;
			children = (
				0E40B5DA20D1058300CA39FD /* Creation */,
				0E40B5DF20D1058300CA39FD /* CXHTMLDocument.h */,
				0E40B5E020D1058300CA39FD /* CXHTMLDocument.m */,
				0E40B5E120D1058300CA39FD /* CXMLDocument.h */,
				0E40B5E220D1058300CA39FD /* CXMLDocument.m */,
				0E40B5E320D1058300CA39FD /* CXMLDocument_PrivateExtensions.h */,
				0E40B5E420D1058300CA39FD /* CXMLDocument_PrivateExtensions.m */,
				0E40B5E520D1058300CA39FD /* CXMLElement.h */,
				0E40B5E620D1058300CA39FD /* CXMLElement.m */,
				0E40B5E720D1058300CA39FD /* CXMLElement_CreationExtensions.h */,
				0E40B5E820D1058300CA39FD /* CXMLElement_CreationExtensions.m */,
				0E40B5E920D1058300CA39FD /* CXMLElement_ElementTreeExtensions.h */,
				0E40B5EA20D1058300CA39FD /* CXMLElement_ElementTreeExtensions.m */,
				0E40B5EB20D1058300CA39FD /* CXMLNamespaceNode.h */,
				0E40B5EC20D1058300CA39FD /* CXMLNamespaceNode.m */,
				0E40B5ED20D1058300CA39FD /* CXMLNode.h */,
				0E40B5EE20D1058300CA39FD /* CXMLNode.m */,
				0E40B5EF20D1058300CA39FD /* CXMLNode_PrivateExtensions.h */,
				0E40B5F020D1058300CA39FD /* CXMLNode_PrivateExtensions.m */,
				0E40B5F120D1058300CA39FD /* CXMLNode_XPathExtensions.h */,
				0E40B5F220D1058300CA39FD /* CXMLNode_XPathExtensions.m */,
				0E40B5F320D1058300CA39FD /* CXMLUnsupportedNode.h */,
				0E40B5F420D1058300CA39FD /* CXMLUnsupportedNode.m */,
				0E40B5F520D1058300CA39FD /* Tidy */,
				0E40B5F820D1058300CA39FD /* TouchXML.h */,
			);
			path = Source;
			sourceTree = "<group>";
		};
		0E40B5DA20D1058300CA39FD /* Creation */ = {
			isa = PBXGroup;
			children = (
				0E40B5DB20D1058300CA39FD /* CXMLDocument_CreationExtensions.h */,
				0E40B5DC20D1058300CA39FD /* CXMLDocument_CreationExtensions.m */,
				0E40B5DD20D1058300CA39FD /* CXMLNode_CreationExtensions.h */,
				0E40B5DE20D1058300CA39FD /* CXMLNode_CreationExtensions.m */,
			);
			path = Creation;
			sourceTree = "<group>";
		};
		0E40B5F520D1058300CA39FD /* Tidy */ = {
			isa = PBXGroup;
			children = (
				0E40B5F620D1058300CA39FD /* CTidy.h */,
				0E40B5F720D1058300CA39FD /* CTidy.m */,
			);
			path = Tidy;
			sourceTree = "<group>";
		};
		0E666DB920BBE782009378A2 = {
			isa = PBXGroup;
			children = (
				0E666DC420BBE782009378A2 /* LKReading */,
				0E666DC320BBE782009378A2 /* Products */,
				51E021AD8DE5D2CD57BEC02D /* Pods */,
				468E9D8F2A4555CA64F401CC /* Frameworks */,
			);
			sourceTree = "<group>";
		};
		0E666DC320BBE782009378A2 /* Products */ = {
			isa = PBXGroup;
			children = (
				0E666DC220BBE782009378A2 /* LKReading.app */,
			);
			name = Products;
			sourceTree = "<group>";
		};
		0E666DC420BBE782009378A2 /* LKReading */ = {
			isa = PBXGroup;
			children = (
				0E01371120DA440200C8F552 /* tool */,
				0EAB2E4220BD4F0A00E49805 /* 花开似瑾.txt */,
				0E40B61820D1184400CA39FD /* 我欲封天.epub */,
				0E666DC520BBE782009378A2 /* AppDelegate.swift */,
				0E666DC720BBE782009378A2 /* ViewController.swift */,
				0E666DD720BBE93A009378A2 /* LKReadModel.swift */,
				0E666DD920BBED50009378A2 /* LKReadBookManager.swift */,
				0E01370F20DA3D4C00C8F552 /* LKBookParsing.swift */,
				0E666DDB20BBEEB7009378A2 /* LKReadViewController.swift */,
				0E666DDD20BBF252009378A2 /* LKReadSingleViewController.swift */,
				0EAB2E4020BD310B00E49805 /* LKReadTheme.swift */,
				0E50031220BF9FDC00D2F20A /* LKReadMenuView.swift */,
				0E50031420BF9FEC00D2F20A /* LKReadMenuView.xib */,
				0E666DC920BBE782009378A2 /* Main.storyboard */,
				0E666DCC20BBE782009378A2 /* Assets.xcassets */,
				0E666DCE20BBE782009378A2 /* LaunchScreen.storyboard */,
				0E666DD120BBE782009378A2 /* Info.plist */,
				0E40B61120D10B6200CA39FD /* LKReading-Bridging-Header.h */,
			);
			path = LKReading;
			sourceTree = "<group>";
		};
		468E9D8F2A4555CA64F401CC /* Frameworks */ = {
			isa = PBXGroup;
			children = (
				0E40B61420D10CDC00CA39FD /* libz.tbd */,
				0E40B61220D10CD500CA39FD /* libxml2.2.tbd */,
				C696E3923434A855DA2DE628 /* Pods_LKReading.framework */,
			);
			name = Frameworks;
			sourceTree = "<group>";
		};
		51E021AD8DE5D2CD57BEC02D /* Pods */ = {
			isa = PBXGroup;
			children = (
				5A33EAD797F90F84B79D5AE1 /* Pods-LKReading.debug.xcconfig */,
				A6A605AF7338F1FEFDA6E9EB /* Pods-LKReading.release.xcconfig */,
			);
			name = Pods;
			sourceTree = "<group>";
		};
/* End PBXGroup section */

/* Begin PBXNativeTarget section */
		0E666DC120BBE782009378A2 /* LKReading */ = {
			isa = PBXNativeTarget;
			buildConfigurationList = 0E666DD420BBE782009378A2 /* Build configuration list for PBXNativeTarget "LKReading" */;
			buildPhases = (
				7437A68BA8D77EE952B06AEC /* [CP] Check Pods Manifest.lock */,
				0E666DBE20BBE782009378A2 /* Sources */,
				0E666DBF20BBE782009378A2 /* Frameworks */,
				0E666DC020BBE782009378A2 /* Resources */,
				B60908FBE22AC343A08A8D90 /* [CP] Embed Pods Frameworks */,
			);
			buildRules = (
			);
			dependencies = (
			);
			name = LKReading;
			productName = LKReading;
			productReference = 0E666DC220BBE782009378A2 /* LKReading.app */;
			productType = "com.apple.product-type.application";
		};
/* End PBXNativeTarget section */

/* Begin PBXProject section */
		0E666DBA20BBE782009378A2 /* Project object */ = {
			isa = PBXProject;
			attributes = {
				LastSwiftUpdateCheck = 0920;
				LastUpgradeCheck = 0920;
				ORGANIZATIONNAME = kLike;
				TargetAttributes = {
					0E666DC120BBE782009378A2 = {
						CreatedOnToolsVersion = 9.2;
						ProvisioningStyle = Automatic;
					};
				};
			};
			buildConfigurationList = 0E666DBD20BBE782009378A2 /* Build configuration list for PBXProject "LKReading" */;
			compatibilityVersion = "Xcode 8.0";
			developmentRegion = en;
			hasScannedForEncodings = 0;
			knownRegions = (
				en,
				Base,
			);
			mainGroup = 0E666DB920BBE782009378A2;
			productRefGroup = 0E666DC320BBE782009378A2 /* Products */;
			projectDirPath = "";
			projectRoot = "";
			targets = (
				0E666DC120BBE782009378A2 /* LKReading */,
			);
		};
/* End PBXProject section */

/* Begin PBXResourcesBuildPhase section */
		0E666DC020BBE782009378A2 /* Resources */ = {
			isa = PBXResourcesBuildPhase;
			buildActionMask = 2147483647;
			files = (
				0E40B61920D1197700CA39FD /* 我欲封天.epub in Resources */,
				0E50031520BF9FEC00D2F20A /* LKReadMenuView.xib in Resources */,
				0E666DD020BBE782009378A2 /* LaunchScreen.storyboard in Resources */,
				0EAB2E4320BD4F0A00E49805 /* 花开似瑾.txt in Resources */,
				0E666DCD20BBE782009378A2 /* Assets.xcassets in Resources */,
				0E666DCB20BBE782009378A2 /* Main.storyboard in Resources */,
			);
			runOnlyForDeploymentPostprocessing = 0;
		};
/* End PBXResourcesBuildPhase section */

/* Begin PBXShellScriptBuildPhase section */
		7437A68BA8D77EE952B06AEC /* [CP] Check Pods Manifest.lock */ = {
			isa = PBXShellScriptBuildPhase;
			buildActionMask = 2147483647;
			files = (
			);
			inputPaths = (
				"${PODS_PODFILE_DIR_PATH}/Podfile.lock",
				"${PODS_ROOT}/Manifest.lock",
			);
			name = "[CP] Check Pods Manifest.lock";
			outputPaths = (
				"$(DERIVED_FILE_DIR)/Pods-LKReading-checkManifestLockResult.txt",
			);
			runOnlyForDeploymentPostprocessing = 0;
			shellPath = /bin/sh;
			shellScript = "diff \"${PODS_PODFILE_DIR_PATH}/Podfile.lock\" \"${PODS_ROOT}/Manifest.lock\" > /dev/null\nif [ $? != 0 ] ; then\n    # print error to STDERR\n    echo \"error: The sandbox is not in sync with the Podfile.lock. Run 'pod install' or update your CocoaPods installation.\" >&2\n    exit 1\nfi\n# This output is used by Xcode 'outputs' to avoid re-running this script phase.\necho \"SUCCESS\" > \"${SCRIPT_OUTPUT_FILE_0}\"\n";
			showEnvVarsInLog = 0;
		};
		B60908FBE22AC343A08A8D90 /* [CP] Embed Pods Frameworks */ = {
			isa = PBXShellScriptBuildPhase;
			buildActionMask = 2147483647;
			files = (
			);
			inputPaths = (
				"${SRCROOT}/Pods/Target Support Files/Pods-LKReading/Pods-LKReading-frameworks.sh",
				"${BUILT_PRODUCTS_DIR}/Realm/Realm.framework",
				"${BUILT_PRODUCTS_DIR}/RealmSwift/RealmSwift.framework",
				"${BUILT_PRODUCTS_DIR}/Zip/Zip.framework",
			);
			name = "[CP] Embed Pods Frameworks";
			outputPaths = (
				"${TARGET_BUILD_DIR}/${FRAMEWORKS_FOLDER_PATH}/Realm.framework",
				"${TARGET_BUILD_DIR}/${FRAMEWORKS_FOLDER_PATH}/RealmSwift.framework",
				"${TARGET_BUILD_DIR}/${FRAMEWORKS_FOLDER_PATH}/Zip.framework",
			);
			runOnlyForDeploymentPostprocessing = 0;
			shellPath = /bin/sh;
			shellScript = "\"${SRCROOT}/Pods/Target Support Files/Pods-LKReading/Pods-LKReading-frameworks.sh\"\n";
			showEnvVarsInLog = 0;
		};
/* End PBXShellScriptBuildPhase section */

/* Begin PBXSourcesBuildPhase section */
		0E666DBE20BBE782009378A2 /* Sources */ = {
			isa = PBXSourcesBuildPhase;
			buildActionMask = 2147483647;
			files = (
				0E40B60A20D1058400CA39FD /* CXMLUnsupportedNode.m in Sources */,
				0E666DDE20BBF252009378A2 /* LKReadSingleViewController.swift in Sources */,
				0E40B60020D1058400CA39FD /* CXHTMLDocument.m in Sources */,
				0E40B60220D1058400CA39FD /* CXMLDocument_PrivateExtensions.m in Sources */,
				0E666DDC20BBEEB7009378A2 /* LKReadViewController.swift in Sources */,
				0E50031320BF9FDC00D2F20A /* LKReadMenuView.swift in Sources */,
				0E666DC820BBE782009378A2 /* ViewController.swift in Sources */,
				0EAB2E4120BD310B00E49805 /* LKReadTheme.swift in Sources */,
				0E666DC620BBE782009378A2 /* AppDelegate.swift in Sources */,
				0E40B60B20D1058400CA39FD /* CTidy.m in Sources */,
				0E40B60820D1058400CA39FD /* CXMLNode_PrivateExtensions.m in Sources */,
				0E01371020DA3D4C00C8F552 /* LKBookParsing.swift in Sources */,
				0E01371520DA442E00C8F552 /* GTMNSString+HTML.m in Sources */,
				0E666DD820BBE93A009378A2 /* LKReadModel.swift in Sources */,
				0E40B60720D1058400CA39FD /* CXMLNode.m in Sources */,
				0E40B60920D1058400CA39FD /* CXMLNode_XPathExtensions.m in Sources */,
				0E40B5FF20D1058400CA39FD /* CXMLNode_CreationExtensions.m in Sources */,
				0E40B5FE20D1058400CA39FD /* CXMLDocument_CreationExtensions.m in Sources */,
				0E40B60320D1058400CA39FD /* CXMLElement.m in Sources */,
				0E666DDA20BBED50009378A2 /* LKReadBookManager.swift in Sources */,
				0E40B60120D1058400CA39FD /* CXMLDocument.m in Sources */,
				0E40B60420D1058400CA39FD /* CXMLElement_CreationExtensions.m in Sources */,
				0E40B60620D1058400CA39FD /* CXMLNamespaceNode.m in Sources */,
				0E40B60520D1058400CA39FD /* CXMLElement_ElementTreeExtensions.m in Sources */,
				0E40B5FD20D1058400CA39FD /* NSString+HTML.m in Sources */,
			);
			runOnlyForDeploymentPostprocessing = 0;
		};
/* End PBXSourcesBuildPhase section */

/* Begin PBXVariantGroup section */
		0E666DC920BBE782009378A2 /* Main.storyboard */ = {
			isa = PBXVariantGroup;
			children = (
				0E666DCA20BBE782009378A2 /* Base */,
			);
			name = Main.storyboard;
			sourceTree = "<group>";
		};
		0E666DCE20BBE782009378A2 /* LaunchScreen.storyboard */ = {
			isa = PBXVariantGroup;
			children = (
				0E666DCF20BBE782009378A2 /* Base */,
			);
			name = LaunchScreen.storyboard;
			sourceTree = "<group>";
		};
/* End PBXVariantGroup section */

/* Begin XCBuildConfiguration section */
		0E666DD220BBE782009378A2 /* Debug */ = {
			isa = XCBuildConfiguration;
			buildSettings = {
				ALWAYS_SEARCH_USER_PATHS = NO;
				CLANG_ANALYZER_NONNULL = YES;
				CLANG_ANALYZER_NUMBER_OBJECT_CONVERSION = YES_AGGRESSIVE;
				CLANG_CXX_LANGUAGE_STANDARD = "gnu++14";
				CLANG_CXX_LIBRARY = "libc++";
				CLANG_ENABLE_MODULES = YES;
				CLANG_ENABLE_OBJC_ARC = YES;
				CLANG_WARN_BLOCK_CAPTURE_AUTORELEASING = YES;
				CLANG_WARN_BOOL_CONVERSION = YES;
				CLANG_WARN_COMMA = YES;
				CLANG_WARN_CONSTANT_CONVERSION = YES;
				CLANG_WARN_DIRECT_OBJC_ISA_USAGE = YES_ERROR;
				CLANG_WARN_DOCUMENTATION_COMMENTS = YES;
				CLANG_WARN_EMPTY_BODY = YES;
				CLANG_WARN_ENUM_CONVERSION = YES;
				CLANG_WARN_INFINITE_RECURSION = YES;
				CLANG_WARN_INT_CONVERSION = YES;
				CLANG_WARN_NON_LITERAL_NULL_CONVERSION = YES;
				CLANG_WARN_OBJC_LITERAL_CONVERSION = YES;
				CLANG_WARN_OBJC_ROOT_CLASS = YES_ERROR;
				CLANG_WARN_RANGE_LOOP_ANALYSIS = YES;
				CLANG_WARN_STRICT_PROTOTYPES = YES;
				CLANG_WARN_SUSPICIOUS_MOVE = YES;
				CLANG_WARN_UNGUARDED_AVAILABILITY = YES_AGGRESSIVE;
				CLANG_WARN_UNREACHABLE_CODE = YES;
				CLANG_WARN__DUPLICATE_METHOD_MATCH = YES;
				CODE_SIGN_IDENTITY = "iPhone Developer";
				COPY_PHASE_STRIP = NO;
				DEBUG_INFORMATION_FORMAT = dwarf;
				ENABLE_STRICT_OBJC_MSGSEND = YES;
				ENABLE_TESTABILITY = YES;
				GCC_C_LANGUAGE_STANDARD = gnu11;
				GCC_DYNAMIC_NO_PIC = NO;
				GCC_NO_COMMON_BLOCKS = YES;
				GCC_OPTIMIZATION_LEVEL = 0;
				GCC_PREPROCESSOR_DEFINITIONS = (
					"DEBUG=1",
					"$(inherited)",
				);
				GCC_WARN_64_TO_32_BIT_CONVERSION = YES;
				GCC_WARN_ABOUT_RETURN_TYPE = YES_ERROR;
				GCC_WARN_UNDECLARED_SELECTOR = YES;
				GCC_WARN_UNINITIALIZED_AUTOS = YES_AGGRESSIVE;
				GCC_WARN_UNUSED_FUNCTION = YES;
				GCC_WARN_UNUSED_VARIABLE = YES;
				IPHONEOS_DEPLOYMENT_TARGET = 11.2;
				MTL_ENABLE_DEBUG_INFO = YES;
				ONLY_ACTIVE_ARCH = YES;
				SDKROOT = iphoneos;
				SWIFT_ACTIVE_COMPILATION_CONDITIONS = DEBUG;
				SWIFT_OPTIMIZATION_LEVEL = "-Onone";
			};
			name = Debug;
		};
		0E666DD320BBE782009378A2 /* Release */ = {
			isa = XCBuildConfiguration;
			buildSettings = {
				ALWAYS_SEARCH_USER_PATHS = NO;
				CLANG_ANALYZER_NONNULL = YES;
				CLANG_ANALYZER_NUMBER_OBJECT_CONVERSION = YES_AGGRESSIVE;
				CLANG_CXX_LANGUAGE_STANDARD = "gnu++14";
				CLANG_CXX_LIBRARY = "libc++";
				CLANG_ENABLE_MODULES = YES;
				CLANG_ENABLE_OBJC_ARC = YES;
				CLANG_WARN_BLOCK_CAPTURE_AUTORELEASING = YES;
				CLANG_WARN_BOOL_CONVERSION = YES;
				CLANG_WARN_COMMA = YES;
				CLANG_WARN_CONSTANT_CONVERSION = YES;
				CLANG_WARN_DIRECT_OBJC_ISA_USAGE = YES_ERROR;
				CLANG_WARN_DOCUMENTATION_COMMENTS = YES;
				CLANG_WARN_EMPTY_BODY = YES;
				CLANG_WARN_ENUM_CONVERSION = YES;
				CLANG_WARN_INFINITE_RECURSION = YES;
				CLANG_WARN_INT_CONVERSION = YES;
				CLANG_WARN_NON_LITERAL_NULL_CONVERSION = YES;
				CLANG_WARN_OBJC_LITERAL_CONVERSION = YES;
				CLANG_WARN_OBJC_ROOT_CLASS = YES_ERROR;
				CLANG_WARN_RANGE_LOOP_ANALYSIS = YES;
				CLANG_WARN_STRICT_PROTOTYPES = YES;
				CLANG_WARN_SUSPICIOUS_MOVE = YES;
				CLANG_WARN_UNGUARDED_AVAILABILITY = YES_AGGRESSIVE;
				CLANG_WARN_UNREACHABLE_CODE = YES;
				CLANG_WARN__DUPLICATE_METHOD_MATCH = YES;
				CODE_SIGN_IDENTITY = "iPhone Developer";
				COPY_PHASE_STRIP = NO;
				DEBUG_INFORMATION_FORMAT = "dwarf-with-dsym";
				ENABLE_NS_ASSERTIONS = NO;
				ENABLE_STRICT_OBJC_MSGSEND = YES;
				GCC_C_LANGUAGE_STANDARD = gnu11;
				GCC_NO_COMMON_BLOCKS = YES;
				GCC_WARN_64_TO_32_BIT_CONVERSION = YES;
				GCC_WARN_ABOUT_RETURN_TYPE = YES_ERROR;
				GCC_WARN_UNDECLARED_SELECTOR = YES;
				GCC_WARN_UNINITIALIZED_AUTOS = YES_AGGRESSIVE;
				GCC_WARN_UNUSED_FUNCTION = YES;
				GCC_WARN_UNUSED_VARIABLE = YES;
				IPHONEOS_DEPLOYMENT_TARGET = 11.2;
				MTL_ENABLE_DEBUG_INFO = NO;
				SDKROOT = iphoneos;
				SWIFT_OPTIMIZATION_LEVEL = "-Owholemodule";
				VALIDATE_PRODUCT = YES;
			};
			name = Release;
		};
		0E666DD520BBE782009378A2 /* Debug */ = {
			isa = XCBuildConfiguration;
			baseConfigurationReference = 5A33EAD797F90F84B79D5AE1 /* Pods-LKReading.debug.xcconfig */;
			buildSettings = {
				ASSETCATALOG_COMPILER_APPICON_NAME = AppIcon;
				CODE_SIGN_STYLE = Automatic;
				HEADER_SEARCH_PATHS = /usr/include/libxml2;
				INFOPLIST_FILE = LKReading/Info.plist;
				LD_RUNPATH_SEARCH_PATHS = "$(inherited) @executable_path/Frameworks";
				PRODUCT_BUNDLE_IDENTIFIER = kLike.LKReading;
				PRODUCT_NAME = "$(TARGET_NAME)";
				SWIFT_OBJC_BRIDGING_HEADER = "LKReading/LKReading-Bridging-Header.h";
				SWIFT_VERSION = 4.0;
				TARGETED_DEVICE_FAMILY = "1,2";
			};
			name = Debug;
		};
		0E666DD620BBE782009378A2 /* Release */ = {
			isa = XCBuildConfiguration;
			baseConfigurationReference = A6A605AF7338F1FEFDA6E9EB /* Pods-LKReading.release.xcconfig */;
			buildSettings = {
				ASSETCATALOG_COMPILER_APPICON_NAME = AppIcon;
				CODE_SIGN_STYLE = Automatic;
				HEADER_SEARCH_PATHS = /usr/include/libxml2;
				INFOPLIST_FILE = LKReading/Info.plist;
				LD_RUNPATH_SEARCH_PATHS = "$(inherited) @executable_path/Frameworks";
				PRODUCT_BUNDLE_IDENTIFIER = kLike.LKReading;
				PRODUCT_NAME = "$(TARGET_NAME)";
				SWIFT_OBJC_BRIDGING_HEADER = "LKReading/LKReading-Bridging-Header.h";
				SWIFT_VERSION = 4.0;
				TARGETED_DEVICE_FAMILY = "1,2";
			};
			name = Release;
		};
/* End XCBuildConfiguration section */

/* Begin XCConfigurationList section */
		0E666DBD20BBE782009378A2 /* Build configuration list for PBXProject "LKReading" */ = {
			isa = XCConfigurationList;
			buildConfigurations = (
				0E666DD220BBE782009378A2 /* Debug */,
				0E666DD320BBE782009378A2 /* Release */,
			);
			defaultConfigurationIsVisible = 0;
			defaultConfigurationName = Release;
		};
		0E666DD420BBE782009378A2 /* Build configuration list for PBXNativeTarget "LKReading" */ = {
			isa = XCConfigurationList;
			buildConfigurations = (
				0E666DD520BBE782009378A2 /* Debug */,
				0E666DD620BBE782009378A2 /* Release */,
			);
			defaultConfigurationIsVisible = 0;
			defaultConfigurationName = Release;
		};
/* End XCConfigurationList section */
	};
	rootObject = 0E666DBA20BBE782009378A2 /* Project object */;
}
